
Microsoft Visual Studio Solution File, Format Version 12.00
# Visual Studio Version 16
VisualStudioVersion = 16.0.29709.97
MinimumVisualStudioVersion = 10.0.40219.1
Project("{FAE04EC0-301F-11D3-BF4B-00C04F79EFBC}") = "SweepStakes", "SweepStakes\SweepStakes.csproj", "{B0E70B43-8383-4EAB-BBCA-D4AB6357BBC9}"
EndProject
Global
	GlobalSection(SolutionConfigurationPlatforms) = preSolution
		Debug|Any CPU = Debug|Any CPU
		Release|Any CPU = Release|Any CPU
	EndGlobalSection
	GlobalSection(ProjectConfigurationPlatforms) = postSolution
		{B0E70B43-8383-4EAB-BBCA-D4AB6357BBC9}.Debug|Any CPU.ActiveCfg = Debug|Any CPU
		{B0E70B43-8383-4EAB-BBCA-D4AB6357BBC9}.Debug|Any CPU.Build.0 = Debug|Any CPU
		{B0E70B43-8383-4EAB-BBCA-D4AB6357BBC9}.Release|Any CPU.ActiveCfg = Release|Any CPU
		{B0E70B43-8383-4EAB-BBCA-D4AB6357BBC9}.Release|Any CPU.Build.0 = Release|Any CPU
	EndGlobalSection
	GlobalSection(SolutionProperties) = preSolution
		HideSolutionNode = FALSE
	EndGlobalSection
	GlobalSection(ExtensibilityGlobals) = postSolution
		SolutionGuid = {BE6CC5BD-920C-4929-AF90-7B751FB39043}
	EndGlobalSection
EndGlobal
